
Microsoft Visual Studio Solution File, Format Version 12.00
# Visual Studio Version 17
VisualStudioVersion = 17.8.34316.72
MinimumVisualStudioVersion = 10.0.40219.1
Project("{FAE04EC0-301F-11D3-BF4B-00C04F79EFBC}") = "IS_practise_7", "IS_practise_7\IS_practise_7.csproj", "{B8BDD930-9FE0-425B-8348-C6A163FEC57A}"
EndProject
Global
	GlobalSection(SolutionConfigurationPlatforms) = preSolution
		Debug|Any CPU = Debug|Any CPU
		Release|Any CPU = Release|Any CPU
	EndGlobalSection
	GlobalSection(ProjectConfigurationPlatforms) = postSolution
		{B8BDD930-9FE0-425B-8348-C6A163FEC57A}.Debug|Any CPU.ActiveCfg = Debug|Any CPU
		{B8BDD930-9FE0-425B-8348-C6A163FEC57A}.Debug|Any CPU.Build.0 = Debug|Any CPU
		{B8BDD930-9FE0-425B-8348-C6A163FEC57A}.Release|Any CPU.ActiveCfg = Release|Any CPU
		{B8BDD930-9FE0-425B-8348-C6A163FEC57A}.Release|Any CPU.Build.0 = Release|Any CPU
	EndGlobalSection
	GlobalSection(SolutionProperties) = preSolution
		HideSolutionNode = FALSE
	EndGlobalSection
	GlobalSection(ExtensibilityGlobals) = postSolution
		SolutionGuid = {CC5FC4E2-4875-4448-8D48-36E2A40315CD}
	EndGlobalSection
EndGlobal
